{
  "originHash" : "b5a3edd282ee90951416aa21527cde4b76785a21f348c124fd1478f176d71b8b",
  "pins" : [
    {
      "identity" : "moocal",
      "kind" : "remoteSourceControl",
      "location" : "https://github.com/mazefest/MooCal",
      "state" : {
        "branch" : "master",
        "revision" : "009496e5c12a4f7d9028b7bdc1546ad61fe0a990"
      }
    }
  ],
  "version" : 3
}
