// !$*UTF8*$!
{
	archiveVersion = 1;
	classes = {
	};
	objectVersion = 56;
	objects = {

/* Begin PBXBuildFile section */
		5766B43A2C2E0CA3000B2E58 /* FooterView.swift in Sources */ = {isa = PBXBuildFile; fileRef = 5766B4392C2E0CA3000B2E58 /* FooterView.swift */; };
		5766B43E2C2F3D9F000B2E58 /* HomeView.swift in Sources */ = {isa = PBXBuildFile; fileRef = 5766B43D2C2F3D9F000B2E58 /* HomeView.swift */; };
		5766B4402C2F3DB0000B2E58 /* FriendListView.swift in Sources */ = {isa = PBXBuildFile; fileRef = 5766B43F2C2F3DB0000B2E58 /* FriendListView.swift */; };
		5766B4422C2F3DCD000B2E58 /* FriendCardView.swift in Sources */ = {isa = PBXBuildFile; fileRef = 5766B4412C2F3DCD000B2E58 /* FriendCardView.swift */; };
		5766B4442C2F3DE4000B2E58 /* AddFriendView.swift in Sources */ = {isa = PBXBuildFile; fileRef = 5766B4432C2F3DE4000B2E58 /* AddFriendView.swift */; };
		5766B4462C2F3DF2000B2E58 /* EditFriendView.swift in Sources */ = {isa = PBXBuildFile; fileRef = 5766B4452C2F3DF2000B2E58 /* EditFriendView.swift */; };
		5766B4482C2F4D8B000B2E58 /* CalendarView.swift in Sources */ = {isa = PBXBuildFile; fileRef = 5766B4472C2F4D8B000B2E58 /* CalendarView.swift */; };
		5766B44A2C2F4ECF000B2E58 /* SelectedPage.swift in Sources */ = {isa = PBXBuildFile; fileRef = 5766B4492C2F4ECF000B2E58 /* SelectedPage.swift */; };
		5766B44C2C2F55B0000B2E58 /* MainView.swift in Sources */ = {isa = PBXBuildFile; fileRef = 5766B44B2C2F55B0000B2E58 /* MainView.swift */; };
		57C9345C2C2C955700BA1E45 /* AFriendlyReminderApp.swift in Sources */ = {isa = PBXBuildFile; fileRef = 57C9345B2C2C955700BA1E45 /* AFriendlyReminderApp.swift */; };
		57C9345E2C2C955700BA1E45 /* ContentView.swift in Sources */ = {isa = PBXBuildFile; fileRef = 57C9345D2C2C955700BA1E45 /* ContentView.swift */; };
		57C934602C2C955900BA1E45 /* Assets.xcassets in Resources */ = {isa = PBXBuildFile; fileRef = 57C9345F2C2C955900BA1E45 /* Assets.xcassets */; };
		57C934632C2C955900BA1E45 /* Preview Assets.xcassets in Resources */ = {isa = PBXBuildFile; fileRef = 57C934622C2C955900BA1E45 /* Preview Assets.xcassets */; };
		57CC3B312C306389007EAD48 /* CalendarFriendCardView.swift in Sources */ = {isa = PBXBuildFile; fileRef = 57CC3B302C306389007EAD48 /* CalendarFriendCardView.swift */; };
		57CC3B342C306490007EAD48 /* TrailingIconLabelStyle.swift in Sources */ = {isa = PBXBuildFile; fileRef = 57CC3B332C306490007EAD48 /* TrailingIconLabelStyle.swift */; };
		57CC3B362C306D26007EAD48 /* HeaderView.swift in Sources */ = {isa = PBXBuildFile; fileRef = 57CC3B352C306D26007EAD48 /* HeaderView.swift */; };
		57CC3B382C307077007EAD48 /* Colours.swift in Sources */ = {isa = PBXBuildFile; fileRef = 57CC3B372C307077007EAD48 /* Colours.swift */; };
		57CC3B3A2C3070B3007EAD48 /* Theme.swift in Sources */ = {isa = PBXBuildFile; fileRef = 57CC3B392C3070B3007EAD48 /* Theme.swift */; };
		57CC3B3C2C3074DC007EAD48 /* Category.swift in Sources */ = {isa = PBXBuildFile; fileRef = 57CC3B3B2C3074DC007EAD48 /* Category.swift */; };
		57CC3B3E2C314EFA007EAD48 /* Friend.swift in Sources */ = {isa = PBXBuildFile; fileRef = 57CC3B3D2C314EFA007EAD48 /* Friend.swift */; };
		57CC3B402C31564F007EAD48 /* FriendView.swift in Sources */ = {isa = PBXBuildFile; fileRef = 57CC3B3F2C31564F007EAD48 /* FriendView.swift */; };
		57E8CBED2C34545B00FBB68A /* ReminderInterval.swift in Sources */ = {isa = PBXBuildFile; fileRef = 57E8CBEC2C34545B00FBB68A /* ReminderInterval.swift */; };
		57F729B82C372E910042D3FA /* ImportantDate.swift in Sources */ = {isa = PBXBuildFile; fileRef = 57F729B72C372E910042D3FA /* ImportantDate.swift */; };
/* End PBXBuildFile section */

/* Begin PBXFileReference section */
		5766B4392C2E0CA3000B2E58 /* FooterView.swift */ = {isa = PBXFileReference; lastKnownFileType = sourcecode.swift; path = FooterView.swift; sourceTree = "<group>"; };
		5766B43D2C2F3D9F000B2E58 /* HomeView.swift */ = {isa = PBXFileReference; lastKnownFileType = sourcecode.swift; path = HomeView.swift; sourceTree = "<group>"; };
		5766B43F2C2F3DB0000B2E58 /* FriendListView.swift */ = {isa = PBXFileReference; lastKnownFileType = sourcecode.swift; path = FriendListView.swift; sourceTree = "<group>"; };
		5766B4412C2F3DCD000B2E58 /* FriendCardView.swift */ = {isa = PBXFileReference; lastKnownFileType = sourcecode.swift; path = FriendCardView.swift; sourceTree = "<group>"; };
		5766B4432C2F3DE4000B2E58 /* AddFriendView.swift */ = {isa = PBXFileReference; lastKnownFileType = sourcecode.swift; path = AddFriendView.swift; sourceTree = "<group>"; };
		5766B4452C2F3DF2000B2E58 /* EditFriendView.swift */ = {isa = PBXFileReference; lastKnownFileType = sourcecode.swift; path = EditFriendView.swift; sourceTree = "<group>"; };
		5766B4472C2F4D8B000B2E58 /* CalendarView.swift */ = {isa = PBXFileReference; lastKnownFileType = sourcecode.swift; path = CalendarView.swift; sourceTree = "<group>"; };
		5766B4492C2F4ECF000B2E58 /* SelectedPage.swift */ = {isa = PBXFileReference; lastKnownFileType = sourcecode.swift; path = SelectedPage.swift; sourceTree = "<group>"; };
		5766B44B2C2F55B0000B2E58 /* MainView.swift */ = {isa = PBXFileReference; lastKnownFileType = sourcecode.swift; path = MainView.swift; sourceTree = "<group>"; };
		57C934582C2C955700BA1E45 /* AFriendlyReminder.app */ = {isa = PBXFileReference; explicitFileType = wrapper.application; includeInIndex = 0; path = AFriendlyReminder.app; sourceTree = BUILT_PRODUCTS_DIR; };
		57C9345B2C2C955700BA1E45 /* AFriendlyReminderApp.swift */ = {isa = PBXFileReference; lastKnownFileType = sourcecode.swift; path = AFriendlyReminderApp.swift; sourceTree = "<group>"; };
		57C9345D2C2C955700BA1E45 /* ContentView.swift */ = {isa = PBXFileReference; lastKnownFileType = sourcecode.swift; path = ContentView.swift; sourceTree = "<group>"; };
		57C9345F2C2C955900BA1E45 /* Assets.xcassets */ = {isa = PBXFileReference; lastKnownFileType = folder.assetcatalog; path = Assets.xcassets; sourceTree = "<group>"; };
		57C934622C2C955900BA1E45 /* Preview Assets.xcassets */ = {isa = PBXFileReference; lastKnownFileType = folder.assetcatalog; path = "Preview Assets.xcassets"; sourceTree = "<group>"; };
		57CC3B302C306389007EAD48 /* CalendarFriendCardView.swift */ = {isa = PBXFileReference; lastKnownFileType = sourcecode.swift; path = CalendarFriendCardView.swift; sourceTree = "<group>"; };
		57CC3B332C306490007EAD48 /* TrailingIconLabelStyle.swift */ = {isa = PBXFileReference; lastKnownFileType = sourcecode.swift; path = TrailingIconLabelStyle.swift; sourceTree = "<group>"; };
		57CC3B352C306D26007EAD48 /* HeaderView.swift */ = {isa = PBXFileReference; lastKnownFileType = sourcecode.swift; path = HeaderView.swift; sourceTree = "<group>"; };
		57CC3B372C307077007EAD48 /* Colours.swift */ = {isa = PBXFileReference; lastKnownFileType = sourcecode.swift; path = Colours.swift; sourceTree = "<group>"; };
		57CC3B392C3070B3007EAD48 /* Theme.swift */ = {isa = PBXFileReference; lastKnownFileType = sourcecode.swift; path = Theme.swift; sourceTree = "<group>"; };
		57CC3B3B2C3074DC007EAD48 /* Category.swift */ = {isa = PBXFileReference; lastKnownFileType = sourcecode.swift; path = Category.swift; sourceTree = "<group>"; };
		57CC3B3D2C314EFA007EAD48 /* Friend.swift */ = {isa = PBXFileReference; lastKnownFileType = sourcecode.swift; path = Friend.swift; sourceTree = "<group>"; };
		57CC3B3F2C31564F007EAD48 /* FriendView.swift */ = {isa = PBXFileReference; lastKnownFileType = sourcecode.swift; path = FriendView.swift; sourceTree = "<group>"; };
		57E8CBEC2C34545B00FBB68A /* ReminderInterval.swift */ = {isa = PBXFileReference; lastKnownFileType = sourcecode.swift; path = ReminderInterval.swift; sourceTree = "<group>"; };
		57F729B72C372E910042D3FA /* ImportantDate.swift */ = {isa = PBXFileReference; lastKnownFileType = sourcecode.swift; path = ImportantDate.swift; sourceTree = "<group>"; };
/* End PBXFileReference section */

/* Begin PBXFrameworksBuildPhase section */
		57C934552C2C955700BA1E45 /* Frameworks */ = {
			isa = PBXFrameworksBuildPhase;
			buildActionMask = 2147483647;
			files = (
			);
			runOnlyForDeploymentPostprocessing = 0;
		};
/* End PBXFrameworksBuildPhase section */

/* Begin PBXGroup section */
		57C9344F2C2C955700BA1E45 = {
			isa = PBXGroup;
			children = (
				57C9345A2C2C955700BA1E45 /* AFriendlyReminder */,
				57C934592C2C955700BA1E45 /* Products */,
			);
			sourceTree = "<group>";
		};
		57C934592C2C955700BA1E45 /* Products */ = {
			isa = PBXGroup;
			children = (
				57C934582C2C955700BA1E45 /* AFriendlyReminder.app */,
			);
			name = Products;
			sourceTree = "<group>";
		};
		57C9345A2C2C955700BA1E45 /* AFriendlyReminder */ = {
			isa = PBXGroup;
			children = (
				57CC3B322C306480007EAD48 /* Styles */,
				57C9346F2C2C968900BA1E45 /* Common */,
				57C9346E2C2C95CD00BA1E45 /* Controllers */,
				57C9346D2C2C95C600BA1E45 /* Views */,
				57C9346C2C2C95BC00BA1E45 /* Models */,
				57C9346A2C2C95A000BA1E45 /* Services */,
				57C9345B2C2C955700BA1E45 /* AFriendlyReminderApp.swift */,
				57C9345F2C2C955900BA1E45 /* Assets.xcassets */,
				57C934612C2C955900BA1E45 /* Preview Content */,
			);
			path = AFriendlyReminder;
			sourceTree = "<group>";
		};
		57C934612C2C955900BA1E45 /* Preview Content */ = {
			isa = PBXGroup;
			children = (
				57C934622C2C955900BA1E45 /* Preview Assets.xcassets */,
			);
			path = "Preview Content";
			sourceTree = "<group>";
		};
		57C9346A2C2C95A000BA1E45 /* Services */ = {
			isa = PBXGroup;
			children = (
			);
			path = Services;
			sourceTree = "<group>";
		};
		57C9346C2C2C95BC00BA1E45 /* Models */ = {
			isa = PBXGroup;
			children = (
				5766B4492C2F4ECF000B2E58 /* SelectedPage.swift */,
				57CC3B392C3070B3007EAD48 /* Theme.swift */,
				57CC3B3B2C3074DC007EAD48 /* Category.swift */,
				57CC3B3D2C314EFA007EAD48 /* Friend.swift */,
				57E8CBEC2C34545B00FBB68A /* ReminderInterval.swift */,
				57F729B72C372E910042D3FA /* ImportantDate.swift */,
			);
			path = Models;
			sourceTree = "<group>";
		};
		57C9346D2C2C95C600BA1E45 /* Views */ = {
			isa = PBXGroup;
			children = (
				57CC3B2F2C306340007EAD48 /* Settings */,
				57CC3B2E2C306339007EAD48 /* FriendPage */,
				57CC3B2D2C306333007EAD48 /* HomePage */,
				57CC3B2C2C306326007EAD48 /* CalendarPage */,
				57C9345D2C2C955700BA1E45 /* ContentView.swift */,
				5766B4392C2E0CA3000B2E58 /* FooterView.swift */,
				5766B44B2C2F55B0000B2E58 /* MainView.swift */,
				57CC3B352C306D26007EAD48 /* HeaderView.swift */,
			);
			path = Views;
			sourceTree = "<group>";
		};
		57C9346E2C2C95CD00BA1E45 /* Controllers */ = {
			isa = PBXGroup;
			children = (
			);
			path = Controllers;
			sourceTree = "<group>";
		};
		57C9346F2C2C968900BA1E45 /* Common */ = {
			isa = PBXGroup;
			children = (
				57C934702C2C969000BA1E45 /* Images */,
			);
			path = Common;
			sourceTree = "<group>";
		};
		57C934702C2C969000BA1E45 /* Images */ = {
			isa = PBXGroup;
			children = (
			);
			path = Images;
			sourceTree = "<group>";
		};
		57CC3B2C2C306326007EAD48 /* CalendarPage */ = {
			isa = PBXGroup;
			children = (
				5766B4472C2F4D8B000B2E58 /* CalendarView.swift */,
				57CC3B302C306389007EAD48 /* CalendarFriendCardView.swift */,
			);
			path = CalendarPage;
			sourceTree = "<group>";
		};
		57CC3B2D2C306333007EAD48 /* HomePage */ = {
			isa = PBXGroup;
			children = (
				5766B43D2C2F3D9F000B2E58 /* HomeView.swift */,
			);
			path = HomePage;
			sourceTree = "<group>";
		};
		57CC3B2E2C306339007EAD48 /* FriendPage */ = {
			isa = PBXGroup;
			children = (
				5766B43F2C2F3DB0000B2E58 /* FriendListView.swift */,
				5766B4452C2F3DF2000B2E58 /* EditFriendView.swift */,
				5766B4432C2F3DE4000B2E58 /* AddFriendView.swift */,
				5766B4412C2F3DCD000B2E58 /* FriendCardView.swift */,
				57CC3B3F2C31564F007EAD48 /* FriendView.swift */,
			);
			path = FriendPage;
			sourceTree = "<group>";
		};
		57CC3B2F2C306340007EAD48 /* Settings */ = {
			isa = PBXGroup;
			children = (
			);
			path = Settings;
			sourceTree = "<group>";
		};
		57CC3B322C306480007EAD48 /* Styles */ = {
			isa = PBXGroup;
			children = (
				57CC3B332C306490007EAD48 /* TrailingIconLabelStyle.swift */,
				57CC3B372C307077007EAD48 /* Colours.swift */,
			);
			path = Styles;
			sourceTree = "<group>";
		};
/* End PBXGroup section */

/* Begin PBXNativeTarget section */
		57C934572C2C955700BA1E45 /* AFriendlyReminder */ = {
			isa = PBXNativeTarget;
			buildConfigurationList = 57C934662C2C955900BA1E45 /* Build configuration list for PBXNativeTarget "AFriendlyReminder" */;
			buildPhases = (
				57C934542C2C955700BA1E45 /* Sources */,
				57C934552C2C955700BA1E45 /* Frameworks */,
				57C934562C2C955700BA1E45 /* Resources */,
			);
			buildRules = (
			);
			dependencies = (
			);
			name = AFriendlyReminder;
			packageProductDependencies = (
			);
			productName = AFriendlyReminder;
			productReference = 57C934582C2C955700BA1E45 /* AFriendlyReminder.app */;
			productType = "com.apple.product-type.application";
		};
/* End PBXNativeTarget section */

/* Begin PBXProject section */
		57C934502C2C955700BA1E45 /* Project object */ = {
			isa = PBXProject;
			attributes = {
				BuildIndependentTargetsInParallel = 1;
				LastSwiftUpdateCheck = 1430;
				LastUpgradeCheck = 1430;
				TargetAttributes = {
					57C934572C2C955700BA1E45 = {
						CreatedOnToolsVersion = 14.3.1;
					};
				};
			};
			buildConfigurationList = 57C934532C2C955700BA1E45 /* Build configuration list for PBXProject "AFriendlyReminder" */;
			compatibilityVersion = "Xcode 14.0";
			developmentRegion = en;
			hasScannedForEncodings = 0;
			knownRegions = (
				en,
				Base,
			);
			mainGroup = 57C9344F2C2C955700BA1E45;
			packageReferences = (
			);
			productRefGroup = 57C934592C2C955700BA1E45 /* Products */;
			projectDirPath = "";
			projectRoot = "";
			targets = (
				57C934572C2C955700BA1E45 /* AFriendlyReminder */,
			);
		};
/* End PBXProject section */

/* Begin PBXResourcesBuildPhase section */
		57C934562C2C955700BA1E45 /* Resources */ = {
			isa = PBXResourcesBuildPhase;
			buildActionMask = 2147483647;
			files = (
				57C934632C2C955900BA1E45 /* Preview Assets.xcassets in Resources */,
				57C934602C2C955900BA1E45 /* Assets.xcassets in Resources */,
			);
			runOnlyForDeploymentPostprocessing = 0;
		};
/* End PBXResourcesBuildPhase section */

/* Begin PBXSourcesBuildPhase section */
		57C934542C2C955700BA1E45 /* Sources */ = {
			isa = PBXSourcesBuildPhase;
			buildActionMask = 2147483647;
			files = (
				5766B4462C2F3DF2000B2E58 /* EditFriendView.swift in Sources */,
				57CC3B382C307077007EAD48 /* Colours.swift in Sources */,
				5766B44A2C2F4ECF000B2E58 /* SelectedPage.swift in Sources */,
				57F729B82C372E910042D3FA /* ImportantDate.swift in Sources */,
				5766B43A2C2E0CA3000B2E58 /* FooterView.swift in Sources */,
				57E8CBED2C34545B00FBB68A /* ReminderInterval.swift in Sources */,
				5766B43E2C2F3D9F000B2E58 /* HomeView.swift in Sources */,
				57C9345E2C2C955700BA1E45 /* ContentView.swift in Sources */,
				57C9345C2C2C955700BA1E45 /* AFriendlyReminderApp.swift in Sources */,
				5766B4482C2F4D8B000B2E58 /* CalendarView.swift in Sources */,
				5766B44C2C2F55B0000B2E58 /* MainView.swift in Sources */,
				57CC3B3A2C3070B3007EAD48 /* Theme.swift in Sources */,
				57CC3B342C306490007EAD48 /* TrailingIconLabelStyle.swift in Sources */,
				57CC3B3C2C3074DC007EAD48 /* Category.swift in Sources */,
				5766B4442C2F3DE4000B2E58 /* AddFriendView.swift in Sources */,
				5766B4422C2F3DCD000B2E58 /* FriendCardView.swift in Sources */,
				57CC3B312C306389007EAD48 /* CalendarFriendCardView.swift in Sources */,
				57CC3B3E2C314EFA007EAD48 /* Friend.swift in Sources */,
				5766B4402C2F3DB0000B2E58 /* FriendListView.swift in Sources */,
				57CC3B402C31564F007EAD48 /* FriendView.swift in Sources */,
				57CC3B362C306D26007EAD48 /* HeaderView.swift in Sources */,
			);
			runOnlyForDeploymentPostprocessing = 0;
		};
/* End PBXSourcesBuildPhase section */

/* Begin XCBuildConfiguration section */
		57C934642C2C955900BA1E45 /* Debug */ = {
			isa = XCBuildConfiguration;
			buildSettings = {
				ALWAYS_SEARCH_USER_PATHS = NO;
				CLANG_ANALYZER_NONNULL = YES;
				CLANG_ANALYZER_NUMBER_OBJECT_CONVERSION = YES_AGGRESSIVE;
				CLANG_CXX_LANGUAGE_STANDARD = "gnu++20";
				CLANG_ENABLE_MODULES = YES;
				CLANG_ENABLE_OBJC_ARC = YES;
				CLANG_ENABLE_OBJC_WEAK = YES;
				CLANG_WARN_BLOCK_CAPTURE_AUTORELEASING = YES;
				CLANG_WARN_BOOL_CONVERSION = YES;
				CLANG_WARN_COMMA = YES;
				CLANG_WARN_CONSTANT_CONVERSION = YES;
				CLANG_WARN_DEPRECATED_OBJC_IMPLEMENTATIONS = YES;
				CLANG_WARN_DIRECT_OBJC_ISA_USAGE = YES_ERROR;
				CLANG_WARN_DOCUMENTATION_COMMENTS = YES;
				CLANG_WARN_EMPTY_BODY = YES;
				CLANG_WARN_ENUM_CONVERSION = YES;
				CLANG_WARN_INFINITE_RECURSION = YES;
				CLANG_WARN_INT_CONVERSION = YES;
				CLANG_WARN_NON_LITERAL_NULL_CONVERSION = YES;
				CLANG_WARN_OBJC_IMPLICIT_RETAIN_SELF = YES;
				CLANG_WARN_OBJC_LITERAL_CONVERSION = YES;
				CLANG_WARN_OBJC_ROOT_CLASS = YES_ERROR;
				CLANG_WARN_QUOTED_INCLUDE_IN_FRAMEWORK_HEADER = YES;
				CLANG_WARN_RANGE_LOOP_ANALYSIS = YES;
				CLANG_WARN_STRICT_PROTOTYPES = YES;
				CLANG_WARN_SUSPICIOUS_MOVE = YES;
				CLANG_WARN_UNGUARDED_AVAILABILITY = YES_AGGRESSIVE;
				CLANG_WARN_UNREACHABLE_CODE = YES;
				CLANG_WARN__DUPLICATE_METHOD_MATCH = YES;
				COPY_PHASE_STRIP = NO;
				DEBUG_INFORMATION_FORMAT = dwarf;
				ENABLE_STRICT_OBJC_MSGSEND = YES;
				ENABLE_TESTABILITY = YES;
				GCC_C_LANGUAGE_STANDARD = gnu11;
				GCC_DYNAMIC_NO_PIC = NO;
				GCC_NO_COMMON_BLOCKS = YES;
				GCC_OPTIMIZATION_LEVEL = 0;
				GCC_PREPROCESSOR_DEFINITIONS = (
					"DEBUG=1",
					"$(inherited)",
				);
				GCC_WARN_64_TO_32_BIT_CONVERSION = YES;
				GCC_WARN_ABOUT_RETURN_TYPE = YES_ERROR;
				GCC_WARN_UNDECLARED_SELECTOR = YES;
				GCC_WARN_UNINITIALIZED_AUTOS = YES_AGGRESSIVE;
				GCC_WARN_UNUSED_FUNCTION = YES;
				GCC_WARN_UNUSED_VARIABLE = YES;
				IPHONEOS_DEPLOYMENT_TARGET = 16.4;
				MTL_ENABLE_DEBUG_INFO = INCLUDE_SOURCE;
				MTL_FAST_MATH = YES;
				ONLY_ACTIVE_ARCH = YES;
				SDKROOT = iphoneos;
				SWIFT_ACTIVE_COMPILATION_CONDITIONS = DEBUG;
				SWIFT_OPTIMIZATION_LEVEL = "-Onone";
				SWIFT_VERSION = 5.0;
			};
			name = Debug;
		};
		57C934652C2C955900BA1E45 /* Release */ = {
			isa = XCBuildConfiguration;
			buildSettings = {
				ALWAYS_SEARCH_USER_PATHS = NO;
				CLANG_ANALYZER_NONNULL = YES;
				CLANG_ANALYZER_NUMBER_OBJECT_CONVERSION = YES_AGGRESSIVE;
				CLANG_CXX_LANGUAGE_STANDARD = "gnu++20";
				CLANG_ENABLE_MODULES = YES;
				CLANG_ENABLE_OBJC_ARC = YES;
				CLANG_ENABLE_OBJC_WEAK = YES;
				CLANG_WARN_BLOCK_CAPTURE_AUTORELEASING = YES;
				CLANG_WARN_BOOL_CONVERSION = YES;
				CLANG_WARN_COMMA = YES;
				CLANG_WARN_CONSTANT_CONVERSION = YES;
				CLANG_WARN_DEPRECATED_OBJC_IMPLEMENTATIONS = YES;
				CLANG_WARN_DIRECT_OBJC_ISA_USAGE = YES_ERROR;
				CLANG_WARN_DOCUMENTATION_COMMENTS = YES;
				CLANG_WARN_EMPTY_BODY = YES;
				CLANG_WARN_ENUM_CONVERSION = YES;
				CLANG_WARN_INFINITE_RECURSION = YES;
				CLANG_WARN_INT_CONVERSION = YES;
				CLANG_WARN_NON_LITERAL_NULL_CONVERSION = YES;
				CLANG_WARN_OBJC_IMPLICIT_RETAIN_SELF = YES;
				CLANG_WARN_OBJC_LITERAL_CONVERSION = YES;
				CLANG_WARN_OBJC_ROOT_CLASS = YES_ERROR;
				CLANG_WARN_QUOTED_INCLUDE_IN_FRAMEWORK_HEADER = YES;
				CLANG_WARN_RANGE_LOOP_ANALYSIS = YES;
				CLANG_WARN_STRICT_PROTOTYPES = YES;
				CLANG_WARN_SUSPICIOUS_MOVE = YES;
				CLANG_WARN_UNGUARDED_AVAILABILITY = YES_AGGRESSIVE;
				CLANG_WARN_UNREACHABLE_CODE = YES;
				CLANG_WARN__DUPLICATE_METHOD_MATCH = YES;
				COPY_PHASE_STRIP = NO;
				DEBUG_INFORMATION_FORMAT = "dwarf-with-dsym";
				ENABLE_NS_ASSERTIONS = NO;
				ENABLE_STRICT_OBJC_MSGSEND = YES;
				GCC_C_LANGUAGE_STANDARD = gnu11;
				GCC_NO_COMMON_BLOCKS = YES;
				GCC_WARN_64_TO_32_BIT_CONVERSION = YES;
				GCC_WARN_ABOUT_RETURN_TYPE = YES_ERROR;
				GCC_WARN_UNDECLARED_SELECTOR = YES;
				GCC_WARN_UNINITIALIZED_AUTOS = YES_AGGRESSIVE;
				GCC_WARN_UNUSED_FUNCTION = YES;
				GCC_WARN_UNUSED_VARIABLE = YES;
				IPHONEOS_DEPLOYMENT_TARGET = 16.4;
				MTL_ENABLE_DEBUG_INFO = NO;
				MTL_FAST_MATH = YES;
				SDKROOT = iphoneos;
				SWIFT_COMPILATION_MODE = wholemodule;
				SWIFT_OPTIMIZATION_LEVEL = "-O";
				SWIFT_VERSION = 5.0;
				VALIDATE_PRODUCT = YES;
			};
			name = Release;
		};
		57C934672C2C955900BA1E45 /* Debug */ = {
			isa = XCBuildConfiguration;
			buildSettings = {
				ASSETCATALOG_COMPILER_APPICON_NAME = AppIcon;
				ASSETCATALOG_COMPILER_GLOBAL_ACCENT_COLOR_NAME = AccentColor;
				CODE_SIGN_STYLE = Automatic;
				CURRENT_PROJECT_VERSION = 1;
				DEVELOPMENT_ASSET_PATHS = "\"AFriendlyReminder/Preview Content\"";
				DEVELOPMENT_TEAM = XJYU5K2Y6L;
				ENABLE_PREVIEWS = YES;
				GENERATE_INFOPLIST_FILE = YES;
				INFOPLIST_KEY_UIApplicationSceneManifest_Generation = YES;
				INFOPLIST_KEY_UIApplicationSupportsIndirectInputEvents = YES;
				INFOPLIST_KEY_UILaunchScreen_Generation = YES;
				INFOPLIST_KEY_UISupportedInterfaceOrientations_iPad = "UIInterfaceOrientationPortrait UIInterfaceOrientationPortraitUpsideDown UIInterfaceOrientationLandscapeLeft UIInterfaceOrientationLandscapeRight";
				INFOPLIST_KEY_UISupportedInterfaceOrientations_iPhone = "UIInterfaceOrientationPortrait UIInterfaceOrientationLandscapeLeft UIInterfaceOrientationLandscapeRight";
				LD_RUNPATH_SEARCH_PATHS = (
					"$(inherited)",
					"@executable_path/Frameworks",
				);
				MARKETING_VERSION = 1.0;
				PRODUCT_BUNDLE_IDENTIFIER = "chelsea-tc.AFriendlyReminder";
				PRODUCT_NAME = "$(TARGET_NAME)";
				SWIFT_EMIT_LOC_STRINGS = YES;
				SWIFT_VERSION = 5.0;
				TARGETED_DEVICE_FAMILY = "1,2";
			};
			name = Debug;
		};
		57C934682C2C955900BA1E45 /* Release */ = {
			isa = XCBuildConfiguration;
			buildSettings = {
				ASSETCATALOG_COMPILER_APPICON_NAME = AppIcon;
				ASSETCATALOG_COMPILER_GLOBAL_ACCENT_COLOR_NAME = AccentColor;
				CODE_SIGN_STYLE = Automatic;
				CURRENT_PROJECT_VERSION = 1;
				DEVELOPMENT_ASSET_PATHS = "\"AFriendlyReminder/Preview Content\"";
				DEVELOPMENT_TEAM = XJYU5K2Y6L;
				ENABLE_PREVIEWS = YES;
				GENERATE_INFOPLIST_FILE = YES;
				INFOPLIST_KEY_UIApplicationSceneManifest_Generation = YES;
				INFOPLIST_KEY_UIApplicationSupportsIndirectInputEvents = YES;
				INFOPLIST_KEY_UILaunchScreen_Generation = YES;
				INFOPLIST_KEY_UISupportedInterfaceOrientations_iPad = "UIInterfaceOrientationPortrait UIInterfaceOrientationPortraitUpsideDown UIInterfaceOrientationLandscapeLeft UIInterfaceOrientationLandscapeRight";
				INFOPLIST_KEY_UISupportedInterfaceOrientations_iPhone = "UIInterfaceOrientationPortrait UIInterfaceOrientationLandscapeLeft UIInterfaceOrientationLandscapeRight";
				LD_RUNPATH_SEARCH_PATHS = (
					"$(inherited)",
					"@executable_path/Frameworks",
				);
				MARKETING_VERSION = 1.0;
				PRODUCT_BUNDLE_IDENTIFIER = "chelsea-tc.AFriendlyReminder";
				PRODUCT_NAME = "$(TARGET_NAME)";
				SWIFT_EMIT_LOC_STRINGS = YES;
				SWIFT_VERSION = 5.0;
				TARGETED_DEVICE_FAMILY = "1,2";
			};
			name = Release;
		};
/* End XCBuildConfiguration section */

/* Begin XCConfigurationList section */
		57C934532C2C955700BA1E45 /* Build configuration list for PBXProject "AFriendlyReminder" */ = {
			isa = XCConfigurationList;
			buildConfigurations = (
				57C934642C2C955900BA1E45 /* Debug */,
				57C934652C2C955900BA1E45 /* Release */,
			);
			defaultConfigurationIsVisible = 0;
			defaultConfigurationName = Release;
		};
		57C934662C2C955900BA1E45 /* Build configuration list for PBXNativeTarget "AFriendlyReminder" */ = {
			isa = XCConfigurationList;
			buildConfigurations = (
				57C934672C2C955900BA1E45 /* Debug */,
				57C934682C2C955900BA1E45 /* Release */,
			);
			defaultConfigurationIsVisible = 0;
			defaultConfigurationName = Release;
		};
/* End XCConfigurationList section */
	};
	rootObject = 57C934502C2C955700BA1E45 /* Project object */;
}
